
Microsoft Visual Studio Solution File, Format Version 12.00
# Visual Studio Version 16
VisualStudioVersion = 16.0.30611.23
MinimumVisualStudioVersion = 10.0.40219.1
Project("{FAE04EC0-301F-11D3-BF4B-00C04F79EFBC}") = "Presentation", "Presentation\Presentation.csproj", "{F5386027-7756-4ADA-B552-3D7C031A03B7}"
EndProject
Project("{FAE04EC0-301F-11D3-BF4B-00C04F79EFBC}") = "Logic", "Logic\Logic.csproj", "{17DB9E2C-77D7-4F09-8CB8-EE5B5EB6BDD3}"
EndProject
Global
	GlobalSection(SolutionConfigurationPlatforms) = preSolution
		Debug|Any CPU = Debug|Any CPU
		Release|Any CPU = Release|Any CPU
	EndGlobalSection
	GlobalSection(ProjectConfigurationPlatforms) = postSolution
		{F5386027-7756-4ADA-B552-3D7C031A03B7}.Debug|Any CPU.ActiveCfg = Debug|Any CPU
		{F5386027-7756-4ADA-B552-3D7C031A03B7}.Debug|Any CPU.Build.0 = Debug|Any CPU
		{F5386027-7756-4ADA-B552-3D7C031A03B7}.Release|Any CPU.ActiveCfg = Release|Any CPU
		{F5386027-7756-4ADA-B552-3D7C031A03B7}.Release|Any CPU.Build.0 = Release|Any CPU
		{17DB9E2C-77D7-4F09-8CB8-EE5B5EB6BDD3}.Debug|Any CPU.ActiveCfg = Debug|Any CPU
		{17DB9E2C-77D7-4F09-8CB8-EE5B5EB6BDD3}.Debug|Any CPU.Build.0 = Debug|Any CPU
		{17DB9E2C-77D7-4F09-8CB8-EE5B5EB6BDD3}.Release|Any CPU.ActiveCfg = Release|Any CPU
		{17DB9E2C-77D7-4F09-8CB8-EE5B5EB6BDD3}.Release|Any CPU.Build.0 = Release|Any CPU
	EndGlobalSection
	GlobalSection(SolutionProperties) = preSolution
		HideSolutionNode = FALSE
	EndGlobalSection
	GlobalSection(ExtensibilityGlobals) = postSolution
		SolutionGuid = {152D80B1-5464-4888-AF22-86DAFC4ED996}
	EndGlobalSection
EndGlobal
